
Microsoft Visual Studio Solution File, Format Version 12.00
# Visual Studio Version 17
VisualStudioVersion = 17.10.34916.146
MinimumVisualStudioVersion = 10.0.40219.1
Project("{FAE04EC0-301F-11D3-BF4B-00C04F79EFBC}") = "ConsoleApp3", "ConsoleApp3\ConsoleApp3.csproj", "{ADDFE2AD-8E1E-4177-A6DC-734A3089E0D5}"
EndProject
Global
	GlobalSection(SolutionConfigurationPlatforms) = preSolution
		Debug|Any CPU = Debug|Any CPU
		Release|Any CPU = Release|Any CPU
	EndGlobalSection
	GlobalSection(ProjectConfigurationPlatforms) = postSolution
		{ADDFE2AD-8E1E-4177-A6DC-734A3089E0D5}.Debug|Any CPU.ActiveCfg = Debug|Any CPU
		{ADDFE2AD-8E1E-4177-A6DC-734A3089E0D5}.Debug|Any CPU.Build.0 = Debug|Any CPU
		{ADDFE2AD-8E1E-4177-A6DC-734A3089E0D5}.Release|Any CPU.ActiveCfg = Release|Any CPU
		{ADDFE2AD-8E1E-4177-A6DC-734A3089E0D5}.Release|Any CPU.Build.0 = Release|Any CPU
	EndGlobalSection
	GlobalSection(SolutionProperties) = preSolution
		HideSolutionNode = FALSE
	EndGlobalSection
	GlobalSection(ExtensibilityGlobals) = postSolution
		SolutionGuid = {C876DA81-5F0C-43E7-AE8F-5D96C94AE5C9}
	EndGlobalSection
EndGlobal
